
Microsoft Visual Studio Solution File, Format Version 12.00
# Visual Studio Version 16
VisualStudioVersion = 16.0.30717.126
MinimumVisualStudioVersion = 10.0.40219.1
Project("{FAE04EC0-301F-11D3-BF4B-00C04F79EFBC}") = "XUnitTestProject1", "..\XUnitTestProject1\XUnitTestProject1.csproj", "{7671069C-94BC-466A-A045-C71F71E4566A}"
EndProject
Project("{FAE04EC0-301F-11D3-BF4B-00C04F79EFBC}") = "ConsoleApp1", "..\ConsoleApp1\ConsoleApp1.csproj", "{99265238-3996-446C-B981-430B82B97EBC}"
EndProject
Global
	GlobalSection(SolutionConfigurationPlatforms) = preSolution
		Debug|Any CPU = Debug|Any CPU
		Release|Any CPU = Release|Any CPU
	EndGlobalSection
	GlobalSection(ProjectConfigurationPlatforms) = postSolution
		{7671069C-94BC-466A-A045-C71F71E4566A}.Debug|Any CPU.ActiveCfg = Debug|Any CPU
		{7671069C-94BC-466A-A045-C71F71E4566A}.Debug|Any CPU.Build.0 = Debug|Any CPU
		{7671069C-94BC-466A-A045-C71F71E4566A}.Release|Any CPU.ActiveCfg = Release|Any CPU
		{7671069C-94BC-466A-A045-C71F71E4566A}.Release|Any CPU.Build.0 = Release|Any CPU
		{99265238-3996-446C-B981-430B82B97EBC}.Debug|Any CPU.ActiveCfg = Debug|Any CPU
		{99265238-3996-446C-B981-430B82B97EBC}.Debug|Any CPU.Build.0 = Debug|Any CPU
		{99265238-3996-446C-B981-430B82B97EBC}.Release|Any CPU.ActiveCfg = Release|Any CPU
		{99265238-3996-446C-B981-430B82B97EBC}.Release|Any CPU.Build.0 = Release|Any CPU
	EndGlobalSection
	GlobalSection(SolutionProperties) = preSolution
		HideSolutionNode = FALSE
	EndGlobalSection
	GlobalSection(ExtensibilityGlobals) = postSolution
		SolutionGuid = {423E9809-56F1-4197-BBA6-379EB94EBE3A}
	EndGlobalSection
EndGlobal
